// !$*UTF8*$!
{
	archiveVersion = 1;
	classes = {
	};
	objectVersion = 77;
	objects = {

/* Begin PBXBuildFile section */
		836C08CA2E9F4EBA0037A649 /* core_progression.json in Resources */ = {isa = PBXBuildFile; fileRef = 836C08C72E9F4E420037A649 /* core_progression.json */; };
		836C08CB2E9F4EBF0037A649 /* emergent_properties.json in Resources */ = {isa = PBXBuildFile; fileRef = 836C08C82E9F4E420037A649 /* emergent_properties.json */; };
		83DE015E2EA2D79E00ECD457 /* emergence_rules in Resources */ = {isa = PBXBuildFile; fileRef = 83DE015D2EA2D79E00ECD457 /* emergence_rules */; };
/* End PBXBuildFile section */

/* Begin PBXContainerItemProxy section */
		83266BB62E8B7110008B7BBA /* PBXContainerItemProxy */ = {
			isa = PBXContainerItemProxy;
			containerPortal = 83266B9E2E8B710F008B7BBA /* Project object */;
			proxyType = 1;
			remoteGlobalIDString = 83266BA52E8B710F008B7BBA;
			remoteInfo = idle_01;
		};
		83266BC02E8B7110008B7BBA /* PBXContainerItemProxy */ = {
			isa = PBXContainerItemProxy;
			containerPortal = 83266B9E2E8B710F008B7BBA /* Project object */;
			proxyType = 1;
			remoteGlobalIDString = 83266BA52E8B710F008B7BBA;
			remoteInfo = idle_01;
		};
/* End PBXContainerItemProxy section */

/* Begin PBXFileReference section */
		83266BA62E8B710F008B7BBA /* After Town.app */ = {isa = PBXFileReference; explicitFileType = wrapper.application; includeInIndex = 0; path = "After Town.app"; sourceTree = BUILT_PRODUCTS_DIR; };
		83266BB52E8B7110008B7BBA /* idle_01Tests.xctest */ = {isa = PBXFileReference; explicitFileType = wrapper.cfbundle; includeInIndex = 0; path = idle_01Tests.xctest; sourceTree = BUILT_PRODUCTS_DIR; };
		83266BBF2E8B7110008B7BBA /* idle_01UITests.xctest */ = {isa = PBXFileReference; explicitFileType = wrapper.cfbundle; includeInIndex = 0; path = idle_01UITests.xctest; sourceTree = BUILT_PRODUCTS_DIR; };
		836C08C72E9F4E420037A649 /* core_progression.json */ = {isa = PBXFileReference; lastKnownFileType = text.json; path = core_progression.json; sourceTree = "<group>"; };
		836C08C82E9F4E420037A649 /* emergent_properties.json */ = {isa = PBXFileReference; lastKnownFileType = text.json; path = emergent_properties.json; sourceTree = "<group>"; };
		83DE015D2EA2D79E00ECD457 /* emergence_rules */ = {isa = PBXFileReference; lastKnownFileType = folder; name = emergence_rules; path = progression/data/emergence_rules; sourceTree = "<group>"; };
/* End PBXFileReference section */

/* Begin PBXFileSystemSynchronizedRootGroup section */
		83266BA82E8B710F008B7BBA /* idle_01 */ = {
			isa = PBXFileSystemSynchronizedRootGroup;
			explicitFolders = (
				progression/data/story_beats,
			);
			path = idle_01;
			sourceTree = "<group>";
		};
		83266BB82E8B7110008B7BBA /* idle_01Tests */ = {
			isa = PBXFileSystemSynchronizedRootGroup;
			path = idle_01Tests;
			sourceTree = "<group>";
		};
		83266BC22E8B7110008B7BBA /* idle_01UITests */ = {
			isa = PBXFileSystemSynchronizedRootGroup;
			path = idle_01UITests;
			sourceTree = "<group>";
		};
/* End PBXFileSystemSynchronizedRootGroup section */

/* Begin PBXFrameworksBuildPhase section */
		83266BA32E8B710F008B7BBA /* Frameworks */ = {
			isa = PBXFrameworksBuildPhase;
			buildActionMask = 2147483647;
			files = (
			);
			runOnlyForDeploymentPostprocessing = 0;
		};
		83266BB22E8B7110008B7BBA /* Frameworks */ = {
			isa = PBXFrameworksBuildPhase;
			buildActionMask = 2147483647;
			files = (
			);
			runOnlyForDeploymentPostprocessing = 0;
		};
		83266BBC2E8B7110008B7BBA /* Frameworks */ = {
			isa = PBXFrameworksBuildPhase;
			buildActionMask = 2147483647;
			files = (
			);
			runOnlyForDeploymentPostprocessing = 0;
		};
/* End PBXFrameworksBuildPhase section */

/* Begin PBXGroup section */
		83266B9D2E8B710F008B7BBA = {
			isa = PBXGroup;
			children = (
				83DE015D2EA2D79E00ECD457 /* emergence_rules */,
				836C08C92E9F4E420037A649 /* story_beats */,
				83266BA82E8B710F008B7BBA /* idle_01 */,
				83266BB82E8B7110008B7BBA /* idle_01Tests */,
				83266BC22E8B7110008B7BBA /* idle_01UITests */,
				83266BA72E8B710F008B7BBA /* Products */,
			);
			sourceTree = "<group>";
		};
		83266BA72E8B710F008B7BBA /* Products */ = {
			isa = PBXGroup;
			children = (
				83266BA62E8B710F008B7BBA /* After Town.app */,
				83266BB52E8B7110008B7BBA /* idle_01Tests.xctest */,
				83266BBF2E8B7110008B7BBA /* idle_01UITests.xctest */,
			);
			name = Products;
			sourceTree = "<group>";
		};
		836C08C92E9F4E420037A649 /* story_beats */ = {
			isa = PBXGroup;
			children = (
				836C08C72E9F4E420037A649 /* core_progression.json */,
				836C08C82E9F4E420037A649 /* emergent_properties.json */,
			);
			name = story_beats;
			path = idle_01/progression/data/story_beats;
			sourceTree = "<group>";
		};
/* End PBXGroup section */

/* Begin PBXNativeTarget section */
		83266BA52E8B710F008B7BBA /* idle_01 */ = {
			isa = PBXNativeTarget;
			buildConfigurationList = 83266BC92E8B7110008B7BBA /* Build configuration list for PBXNativeTarget "idle_01" */;
			buildPhases = (
				83266BA22E8B710F008B7BBA /* Sources */,
				83266BA32E8B710F008B7BBA /* Frameworks */,
				83266BA42E8B710F008B7BBA /* Resources */,
			);
			buildRules = (
			);
			dependencies = (
			);
			fileSystemSynchronizedGroups = (
				83266BA82E8B710F008B7BBA /* idle_01 */,
			);
			name = idle_01;
			packageProductDependencies = (
			);
			productName = idle_01;
			productReference = 83266BA62E8B710F008B7BBA /* After Town.app */;
			productType = "com.apple.product-type.application";
		};
		83266BB42E8B7110008B7BBA /* idle_01Tests */ = {
			isa = PBXNativeTarget;
			buildConfigurationList = 83266BCC2E8B7110008B7BBA /* Build configuration list for PBXNativeTarget "idle_01Tests" */;
			buildPhases = (
				83266BB12E8B7110008B7BBA /* Sources */,
				83266BB22E8B7110008B7BBA /* Frameworks */,
				83266BB32E8B7110008B7BBA /* Resources */,
			);
			buildRules = (
			);
			dependencies = (
				83266BB72E8B7110008B7BBA /* PBXTargetDependency */,
			);
			fileSystemSynchronizedGroups = (
				83266BB82E8B7110008B7BBA /* idle_01Tests */,
			);
			name = idle_01Tests;
			packageProductDependencies = (
			);
			productName = idle_01Tests;
			productReference = 83266BB52E8B7110008B7BBA /* idle_01Tests.xctest */;
			productType = "com.apple.product-type.bundle.unit-test";
		};
		83266BBE2E8B7110008B7BBA /* idle_01UITests */ = {
			isa = PBXNativeTarget;
			buildConfigurationList = 83266BCF2E8B7110008B7BBA /* Build configuration list for PBXNativeTarget "idle_01UITests" */;
			buildPhases = (
				83266BBB2E8B7110008B7BBA /* Sources */,
				83266BBC2E8B7110008B7BBA /* Frameworks */,
				83266BBD2E8B7110008B7BBA /* Resources */,
			);
			buildRules = (
			);
			dependencies = (
				83266BC12E8B7110008B7BBA /* PBXTargetDependency */,
			);
			fileSystemSynchronizedGroups = (
				83266BC22E8B7110008B7BBA /* idle_01UITests */,
			);
			name = idle_01UITests;
			packageProductDependencies = (
			);
			productName = idle_01UITests;
			productReference = 83266BBF2E8B7110008B7BBA /* idle_01UITests.xctest */;
			productType = "com.apple.product-type.bundle.ui-testing";
		};
/* End PBXNativeTarget section */

/* Begin PBXProject section */
		83266B9E2E8B710F008B7BBA /* Project object */ = {
			isa = PBXProject;
			attributes = {
				BuildIndependentTargetsInParallel = 1;
				LastSwiftUpdateCheck = 2600;
				LastUpgradeCheck = 2600;
				TargetAttributes = {
					83266BA52E8B710F008B7BBA = {
						CreatedOnToolsVersion = 26.0.1;
					};
					83266BB42E8B7110008B7BBA = {
						CreatedOnToolsVersion = 26.0.1;
						TestTargetID = 83266BA52E8B710F008B7BBA;
					};
					83266BBE2E8B7110008B7BBA = {
						CreatedOnToolsVersion = 26.0.1;
						TestTargetID = 83266BA52E8B710F008B7BBA;
					};
				};
			};
			buildConfigurationList = 83266BA12E8B710F008B7BBA /* Build configuration list for PBXProject "idle_01" */;
			developmentRegion = en;
			hasScannedForEncodings = 0;
			knownRegions = (
				en,
				Base,
			);
			mainGroup = 83266B9D2E8B710F008B7BBA;
			minimizedProjectReferenceProxies = 1;
			preferredProjectObjectVersion = 77;
			productRefGroup = 83266BA72E8B710F008B7BBA /* Products */;
			projectDirPath = "";
			projectRoot = "";
			targets = (
				83266BA52E8B710F008B7BBA /* idle_01 */,
				83266BB42E8B7110008B7BBA /* idle_01Tests */,
				83266BBE2E8B7110008B7BBA /* idle_01UITests */,
			);
		};
/* End PBXProject section */

/* Begin PBXResourcesBuildPhase section */
		83266BA42E8B710F008B7BBA /* Resources */ = {
			isa = PBXResourcesBuildPhase;
			buildActionMask = 2147483647;
			files = (
				83DE015E2EA2D79E00ECD457 /* emergence_rules in Resources */,
				836C08CB2E9F4EBF0037A649 /* emergent_properties.json in Resources */,
				836C08CA2E9F4EBA0037A649 /* core_progression.json in Resources */,
			);
			runOnlyForDeploymentPostprocessing = 0;
		};
		83266BB32E8B7110008B7BBA /* Resources */ = {
			isa = PBXResourcesBuildPhase;
			buildActionMask = 2147483647;
			files = (
			);
			runOnlyForDeploymentPostprocessing = 0;
		};
		83266BBD2E8B7110008B7BBA /* Resources */ = {
			isa = PBXResourcesBuildPhase;
			buildActionMask = 2147483647;
			files = (
			);
			runOnlyForDeploymentPostprocessing = 0;
		};
/* End PBXResourcesBuildPhase section */

/* Begin PBXSourcesBuildPhase section */
		83266BA22E8B710F008B7BBA /* Sources */ = {
			isa = PBXSourcesBuildPhase;
			buildActionMask = 2147483647;
			files = (
			);
			runOnlyForDeploymentPostprocessing = 0;
		};
		83266BB12E8B7110008B7BBA /* Sources */ = {
			isa = PBXSourcesBuildPhase;
			buildActionMask = 2147483647;
			files = (
			);
			runOnlyForDeploymentPostprocessing = 0;
		};
		83266BBB2E8B7110008B7BBA /* Sources */ = {
			isa = PBXSourcesBuildPhase;
			buildActionMask = 2147483647;
			files = (
			);
			runOnlyForDeploymentPostprocessing = 0;
		};
/* End PBXSourcesBuildPhase section */

/* Begin PBXTargetDependency section */
		83266BB72E8B7110008B7BBA /* PBXTargetDependency */ = {
			isa = PBXTargetDependency;
			target = 83266BA52E8B710F008B7BBA /* idle_01 */;
			targetProxy = 83266BB62E8B7110008B7BBA /* PBXContainerItemProxy */;
		};
		83266BC12E8B7110008B7BBA /* PBXTargetDependency */ = {
			isa = PBXTargetDependency;
			target = 83266BA52E8B710F008B7BBA /* idle_01 */;
			targetProxy = 83266BC02E8B7110008B7BBA /* PBXContainerItemProxy */;
		};
/* End PBXTargetDependency section */

/* Begin XCBuildConfiguration section */
		83266BC72E8B7110008B7BBA /* Debug */ = {
			isa = XCBuildConfiguration;
			buildSettings = {
				ALWAYS_SEARCH_USER_PATHS = NO;
				ASSETCATALOG_COMPILER_GENERATE_SWIFT_ASSET_SYMBOL_EXTENSIONS = YES;
				CLANG_ANALYZER_NONNULL = YES;
				CLANG_ANALYZER_NUMBER_OBJECT_CONVERSION = YES_AGGRESSIVE;
				CLANG_CXX_LANGUAGE_STANDARD = "gnu++20";
				CLANG_ENABLE_MODULES = YES;
				CLANG_ENABLE_OBJC_ARC = YES;
				CLANG_ENABLE_OBJC_WEAK = YES;
				CLANG_WARN_BLOCK_CAPTURE_AUTORELEASING = YES;
				CLANG_WARN_BOOL_CONVERSION = YES;
				CLANG_WARN_COMMA = YES;
				CLANG_WARN_CONSTANT_CONVERSION = YES;
				CLANG_WARN_DEPRECATED_OBJC_IMPLEMENTATIONS = YES;
				CLANG_WARN_DIRECT_OBJC_ISA_USAGE = YES_ERROR;
				CLANG_WARN_DOCUMENTATION_COMMENTS = YES;
				CLANG_WARN_EMPTY_BODY = YES;
				CLANG_WARN_ENUM_CONVERSION = YES;
				CLANG_WARN_INFINITE_RECURSION = YES;
				CLANG_WARN_INT_CONVERSION = YES;
				CLANG_WARN_NON_LITERAL_NULL_CONVERSION = YES;
				CLANG_WARN_OBJC_IMPLICIT_RETAIN_SELF = YES;
				CLANG_WARN_OBJC_LITERAL_CONVERSION = YES;
				CLANG_WARN_OBJC_ROOT_CLASS = YES_ERROR;
				CLANG_WARN_QUOTED_INCLUDE_IN_FRAMEWORK_HEADER = YES;
				CLANG_WARN_RANGE_LOOP_ANALYSIS = YES;
				CLANG_WARN_STRICT_PROTOTYPES = YES;
				CLANG_WARN_SUSPICIOUS_MOVE = YES;
				CLANG_WARN_UNGUARDED_AVAILABILITY = YES_AGGRESSIVE;
				CLANG_WARN_UNREACHABLE_CODE = YES;
				CLANG_WARN__DUPLICATE_METHOD_MATCH = YES;
				COPY_PHASE_STRIP = NO;
				DEBUG_INFORMATION_FORMAT = dwarf;
				DEVELOPMENT_TEAM = EHNUR444DN;
				ENABLE_STRICT_OBJC_MSGSEND = YES;
				ENABLE_TESTABILITY = YES;
				ENABLE_USER_SCRIPT_SANDBOXING = YES;
				GCC_C_LANGUAGE_STANDARD = gnu17;
				GCC_DYNAMIC_NO_PIC = NO;
				GCC_NO_COMMON_BLOCKS = YES;
				GCC_OPTIMIZATION_LEVEL = 0;
				GCC_PREPROCESSOR_DEFINITIONS = (
					"DEBUG=1",
					"$(inherited)",
				);
				GCC_WARN_64_TO_32_BIT_CONVERSION = YES;
				GCC_WARN_ABOUT_RETURN_TYPE = YES_ERROR;
				GCC_WARN_UNDECLARED_SELECTOR = YES;
				GCC_WARN_UNINITIALIZED_AUTOS = YES_AGGRESSIVE;
				GCC_WARN_UNUSED_FUNCTION = YES;
				GCC_WARN_UNUSED_VARIABLE = YES;
				LOCALIZATION_PREFERS_STRING_CATALOGS = YES;
				MACOSX_DEPLOYMENT_TARGET = 26.0;
				MTL_ENABLE_DEBUG_INFO = INCLUDE_SOURCE;
				MTL_FAST_MATH = YES;
				ONLY_ACTIVE_ARCH = YES;
				PRODUCT_NAME = "After Town";
				SDKROOT = macosx;
				SWIFT_ACTIVE_COMPILATION_CONDITIONS = "DEBUG $(inherited)";
				SWIFT_OPTIMIZATION_LEVEL = "-Onone";
			};
			name = Debug;
		};
		83266BC82E8B7110008B7BBA /* Release */ = {
			isa = XCBuildConfiguration;
			buildSettings = {
				ALWAYS_SEARCH_USER_PATHS = NO;
				ASSETCATALOG_COMPILER_GENERATE_SWIFT_ASSET_SYMBOL_EXTENSIONS = YES;
				CLANG_ANALYZER_NONNULL = YES;
				CLANG_ANALYZER_NUMBER_OBJECT_CONVERSION = YES_AGGRESSIVE;
				CLANG_CXX_LANGUAGE_STANDARD = "gnu++20";
				CLANG_ENABLE_MODULES = YES;
				CLANG_ENABLE_OBJC_ARC = YES;
				CLANG_ENABLE_OBJC_WEAK = YES;
				CLANG_WARN_BLOCK_CAPTURE_AUTORELEASING = YES;
				CLANG_WARN_BOOL_CONVERSION = YES;
				CLANG_WARN_COMMA = YES;
				CLANG_WARN_CONSTANT_CONVERSION = YES;
				CLANG_WARN_DEPRECATED_OBJC_IMPLEMENTATIONS = YES;
				CLANG_WARN_DIRECT_OBJC_ISA_USAGE = YES_ERROR;
				CLANG_WARN_DOCUMENTATION_COMMENTS = YES;
				CLANG_WARN_EMPTY_BODY = YES;
				CLANG_WARN_ENUM_CONVERSION = YES;
				CLANG_WARN_INFINITE_RECURSION = YES;
				CLANG_WARN_INT_CONVERSION = YES;
				CLANG_WARN_NON_LITERAL_NULL_CONVERSION = YES;
				CLANG_WARN_OBJC_IMPLICIT_RETAIN_SELF = YES;
				CLANG_WARN_OBJC_LITERAL_CONVERSION = YES;
				CLANG_WARN_OBJC_ROOT_CLASS = YES_ERROR;
				CLANG_WARN_QUOTED_INCLUDE_IN_FRAMEWORK_HEADER = YES;
				CLANG_WARN_RANGE_LOOP_ANALYSIS = YES;
				CLANG_WARN_STRICT_PROTOTYPES = YES;
				CLANG_WARN_SUSPICIOUS_MOVE = YES;
				CLANG_WARN_UNGUARDED_AVAILABILITY = YES_AGGRESSIVE;
				CLANG_WARN_UNREACHABLE_CODE = YES;
				CLANG_WARN__DUPLICATE_METHOD_MATCH = YES;
				COPY_PHASE_STRIP = NO;
				DEBUG_INFORMATION_FORMAT = "dwarf-with-dsym";
				DEVELOPMENT_TEAM = EHNUR444DN;
				ENABLE_NS_ASSERTIONS = NO;
				ENABLE_STRICT_OBJC_MSGSEND = YES;
				ENABLE_USER_SCRIPT_SANDBOXING = YES;
				GCC_C_LANGUAGE_STANDARD = gnu17;
				GCC_NO_COMMON_BLOCKS = YES;
				GCC_WARN_64_TO_32_BIT_CONVERSION = YES;
				GCC_WARN_ABOUT_RETURN_TYPE = YES_ERROR;
				GCC_WARN_UNDECLARED_SELECTOR = YES;
				GCC_WARN_UNINITIALIZED_AUTOS = YES_AGGRESSIVE;
				GCC_WARN_UNUSED_FUNCTION = YES;
				GCC_WARN_UNUSED_VARIABLE = YES;
				LOCALIZATION_PREFERS_STRING_CATALOGS = YES;
				MACOSX_DEPLOYMENT_TARGET = 26.0;
				MTL_ENABLE_DEBUG_INFO = NO;
				MTL_FAST_MATH = YES;
				PRODUCT_NAME = "After Town";
				SDKROOT = macosx;
				SWIFT_COMPILATION_MODE = wholemodule;
			};
			name = Release;
		};
		83266BCA2E8B7110008B7BBA /* Debug */ = {
			isa = XCBuildConfiguration;
			buildSettings = {
				ASSETCATALOG_COMPILER_APPICON_NAME = AppIcon;
				ASSETCATALOG_COMPILER_GLOBAL_ACCENT_COLOR_NAME = AccentColor;
				"CODE_SIGN_IDENTITY[sdk=macosx*]" = "-";
				CODE_SIGN_STYLE = Automatic;
				COMBINE_HIDPI_IMAGES = YES;
				CURRENT_PROJECT_VERSION = 1;
				DEVELOPMENT_TEAM = EHNUR444DN;
				ENABLE_APP_SANDBOX = YES;
				ENABLE_HARDENED_RUNTIME = YES;
				ENABLE_PREVIEWS = YES;
				ENABLE_USER_SELECTED_FILES = readonly;
				GENERATE_INFOPLIST_FILE = YES;
				INFOPLIST_KEY_NSHumanReadableCopyright = "";
				LD_RUNPATH_SEARCH_PATHS = (
					"$(inherited)",
					"@executable_path/../Frameworks",
				);
				MARKETING_VERSION = 1.0;
				PRODUCT_BUNDLE_IDENTIFIER = "socki.idle-01";
				PRODUCT_NAME = "After Town";
				REGISTER_APP_GROUPS = YES;
				STRING_CATALOG_GENERATE_SYMBOLS = YES;
				SUPPORTED_PLATFORMS = "iphoneos iphonesimulator macosx";
				SUPPORTS_MACCATALYST = NO;
				SWIFT_APPROACHABLE_CONCURRENCY = YES;
				SWIFT_DEFAULT_ACTOR_ISOLATION = MainActor;
				SWIFT_EMIT_LOC_STRINGS = YES;
				SWIFT_UPCOMING_FEATURE_MEMBER_IMPORT_VISIBILITY = YES;
				SWIFT_VERSION = 5.0;
				TARGETED_DEVICE_FAMILY = 1;
			};
			name = Debug;
		};
		83266BCB2E8B7110008B7BBA /* Release */ = {
			isa = XCBuildConfiguration;
			buildSettings = {
				ASSETCATALOG_COMPILER_APPICON_NAME = AppIcon;
				ASSETCATALOG_COMPILER_GLOBAL_ACCENT_COLOR_NAME = AccentColor;
				"CODE_SIGN_IDENTITY[sdk=macosx*]" = "-";
				CODE_SIGN_STYLE = Automatic;
				COMBINE_HIDPI_IMAGES = YES;
				CURRENT_PROJECT_VERSION = 1;
				DEVELOPMENT_TEAM = EHNUR444DN;
				ENABLE_APP_SANDBOX = YES;
				ENABLE_HARDENED_RUNTIME = YES;
				ENABLE_PREVIEWS = YES;
				ENABLE_USER_SELECTED_FILES = readonly;
				GENERATE_INFOPLIST_FILE = YES;
				INFOPLIST_KEY_NSHumanReadableCopyright = "";
				LD_RUNPATH_SEARCH_PATHS = (
					"$(inherited)",
					"@executable_path/../Frameworks",
				);
				MARKETING_VERSION = 1.0;
				PRODUCT_BUNDLE_IDENTIFIER = "socki.idle-01";
				PRODUCT_NAME = "After Town";
				REGISTER_APP_GROUPS = YES;
				STRING_CATALOG_GENERATE_SYMBOLS = YES;
				SUPPORTED_PLATFORMS = "iphoneos iphonesimulator macosx";
				SUPPORTS_MACCATALYST = NO;
				SWIFT_APPROACHABLE_CONCURRENCY = YES;
				SWIFT_DEFAULT_ACTOR_ISOLATION = MainActor;
				SWIFT_EMIT_LOC_STRINGS = YES;
				SWIFT_UPCOMING_FEATURE_MEMBER_IMPORT_VISIBILITY = YES;
				SWIFT_VERSION = 5.0;
				TARGETED_DEVICE_FAMILY = 1;
			};
			name = Release;
		};
		83266BCD2E8B7110008B7BBA /* Debug */ = {
			isa = XCBuildConfiguration;
			buildSettings = {
				BUNDLE_LOADER = "$(TEST_HOST)";
				CODE_SIGN_STYLE = Automatic;
				CURRENT_PROJECT_VERSION = 1;
				DEVELOPMENT_TEAM = EHNUR444DN;
				GENERATE_INFOPLIST_FILE = YES;
				MACOSX_DEPLOYMENT_TARGET = 26.0;
				MARKETING_VERSION = 1.0;
				PRODUCT_BUNDLE_IDENTIFIER = "socki.idle-01Tests";
				PRODUCT_NAME = "$(TARGET_NAME)";
				STRING_CATALOG_GENERATE_SYMBOLS = NO;
				SWIFT_APPROACHABLE_CONCURRENCY = YES;
				SWIFT_EMIT_LOC_STRINGS = NO;
				SWIFT_UPCOMING_FEATURE_MEMBER_IMPORT_VISIBILITY = YES;
				SWIFT_VERSION = 5.0;
				TEST_HOST = "$(BUILT_PRODUCTS_DIR)/idle_01.app/$(BUNDLE_EXECUTABLE_FOLDER_PATH)/idle_01";
			};
			name = Debug;
		};
		83266BCE2E8B7110008B7BBA /* Release */ = {
			isa = XCBuildConfiguration;
			buildSettings = {
				BUNDLE_LOADER = "$(TEST_HOST)";
				CODE_SIGN_STYLE = Automatic;
				CURRENT_PROJECT_VERSION = 1;
				DEVELOPMENT_TEAM = EHNUR444DN;
				GENERATE_INFOPLIST_FILE = YES;
				MACOSX_DEPLOYMENT_TARGET = 26.0;
				MARKETING_VERSION = 1.0;
				PRODUCT_BUNDLE_IDENTIFIER = "socki.idle-01Tests";
				PRODUCT_NAME = "$(TARGET_NAME)";
				STRING_CATALOG_GENERATE_SYMBOLS = NO;
				SWIFT_APPROACHABLE_CONCURRENCY = YES;
				SWIFT_EMIT_LOC_STRINGS = NO;
				SWIFT_UPCOMING_FEATURE_MEMBER_IMPORT_VISIBILITY = YES;
				SWIFT_VERSION = 5.0;
				TEST_HOST = "$(BUILT_PRODUCTS_DIR)/idle_01.app/$(BUNDLE_EXECUTABLE_FOLDER_PATH)/idle_01";
			};
			name = Release;
		};
		83266BD02E8B7110008B7BBA /* Debug */ = {
			isa = XCBuildConfiguration;
			buildSettings = {
				CODE_SIGN_STYLE = Automatic;
				CURRENT_PROJECT_VERSION = 1;
				DEVELOPMENT_TEAM = EHNUR444DN;
				GENERATE_INFOPLIST_FILE = YES;
				MARKETING_VERSION = 1.0;
				PRODUCT_BUNDLE_IDENTIFIER = "socki.idle-01UITests";
				PRODUCT_NAME = "$(TARGET_NAME)";
				STRING_CATALOG_GENERATE_SYMBOLS = NO;
				SWIFT_APPROACHABLE_CONCURRENCY = YES;
				SWIFT_EMIT_LOC_STRINGS = NO;
				SWIFT_UPCOMING_FEATURE_MEMBER_IMPORT_VISIBILITY = YES;
				SWIFT_VERSION = 5.0;
				TEST_TARGET_NAME = idle_01;
			};
			name = Debug;
		};
		83266BD12E8B7110008B7BBA /* Release */ = {
			isa = XCBuildConfiguration;
			buildSettings = {
				CODE_SIGN_STYLE = Automatic;
				CURRENT_PROJECT_VERSION = 1;
				DEVELOPMENT_TEAM = EHNUR444DN;
				GENERATE_INFOPLIST_FILE = YES;
				MARKETING_VERSION = 1.0;
				PRODUCT_BUNDLE_IDENTIFIER = "socki.idle-01UITests";
				PRODUCT_NAME = "$(TARGET_NAME)";
				STRING_CATALOG_GENERATE_SYMBOLS = NO;
				SWIFT_APPROACHABLE_CONCURRENCY = YES;
				SWIFT_EMIT_LOC_STRINGS = NO;
				SWIFT_UPCOMING_FEATURE_MEMBER_IMPORT_VISIBILITY = YES;
				SWIFT_VERSION = 5.0;
				TEST_TARGET_NAME = idle_01;
			};
			name = Release;
		};
/* End XCBuildConfiguration section */

/* Begin XCConfigurationList section */
		83266BA12E8B710F008B7BBA /* Build configuration list for PBXProject "idle_01" */ = {
			isa = XCConfigurationList;
			buildConfigurations = (
				83266BC72E8B7110008B7BBA /* Debug */,
				83266BC82E8B7110008B7BBA /* Release */,
			);
			defaultConfigurationIsVisible = 0;
			defaultConfigurationName = Release;
		};
		83266BC92E8B7110008B7BBA /* Build configuration list for PBXNativeTarget "idle_01" */ = {
			isa = XCConfigurationList;
			buildConfigurations = (
				83266BCA2E8B7110008B7BBA /* Debug */,
				83266BCB2E8B7110008B7BBA /* Release */,
			);
			defaultConfigurationIsVisible = 0;
			defaultConfigurationName = Release;
		};
		83266BCC2E8B7110008B7BBA /* Build configuration list for PBXNativeTarget "idle_01Tests" */ = {
			isa = XCConfigurationList;
			buildConfigurations = (
				83266BCD2E8B7110008B7BBA /* Debug */,
				83266BCE2E8B7110008B7BBA /* Release */,
			);
			defaultConfigurationIsVisible = 0;
			defaultConfigurationName = Release;
		};
		83266BCF2E8B7110008B7BBA /* Build configuration list for PBXNativeTarget "idle_01UITests" */ = {
			isa = XCConfigurationList;
			buildConfigurations = (
				83266BD02E8B7110008B7BBA /* Debug */,
				83266BD12E8B7110008B7BBA /* Release */,
			);
			defaultConfigurationIsVisible = 0;
			defaultConfigurationName = Release;
		};
/* End XCConfigurationList section */
	};
	rootObject = 83266B9E2E8B710F008B7BBA /* Project object */;
}
